
Microsoft Visual Studio Solution File, Format Version 12.00
# Visual Studio Version 16
VisualStudioVersion = 16.0.29424.173
MinimumVisualStudioVersion = 10.0.40219.1
Project("{FAE04EC0-301F-11D3-BF4B-00C04F79EFBC}") = "AppConsultorio", "AppConsultorio\AppConsultorio.csproj", "{50C9E53B-BC51-475E-BE29-2504B918C348}"
EndProject
Global
	GlobalSection(SolutionConfigurationPlatforms) = preSolution
		Debug|Any CPU = Debug|Any CPU
		Release|Any CPU = Release|Any CPU
	EndGlobalSection
	GlobalSection(ProjectConfigurationPlatforms) = postSolution
		{50C9E53B-BC51-475E-BE29-2504B918C348}.Debug|Any CPU.ActiveCfg = Debug|Any CPU
		{50C9E53B-BC51-475E-BE29-2504B918C348}.Debug|Any CPU.Build.0 = Debug|Any CPU
		{50C9E53B-BC51-475E-BE29-2504B918C348}.Release|Any CPU.ActiveCfg = Release|Any CPU
		{50C9E53B-BC51-475E-BE29-2504B918C348}.Release|Any CPU.Build.0 = Release|Any CPU
	EndGlobalSection
	GlobalSection(SolutionProperties) = preSolution
		HideSolutionNode = FALSE
	EndGlobalSection
	GlobalSection(ExtensibilityGlobals) = postSolution
		SolutionGuid = {14F91D70-BAF7-4C6E-BBB1-2F79E03400D1}
	EndGlobalSection
EndGlobal
